
Microsoft Visual Studio Solution File, Format Version 12.00
# Visual Studio Version 16
VisualStudioVersion = 16.0.33423.256
MinimumVisualStudioVersion = 10.0.40219.1
Project("{FAE04EC0-301F-11D3-BF4B-00C04F79EFBC}") = "oopLab2task", "oopLab2task.csproj", "{A2CB9CE7-8C5B-4D64-99C6-C995BC42ECBA}"
EndProject
Global
	GlobalSection(SolutionConfigurationPlatforms) = preSolution
		Debug|Any CPU = Debug|Any CPU
		Release|Any CPU = Release|Any CPU
	EndGlobalSection
	GlobalSection(ProjectConfigurationPlatforms) = postSolution
		{A2CB9CE7-8C5B-4D64-99C6-C995BC42ECBA}.Debug|Any CPU.ActiveCfg = Debug|Any CPU
		{A2CB9CE7-8C5B-4D64-99C6-C995BC42ECBA}.Debug|Any CPU.Build.0 = Debug|Any CPU
		{A2CB9CE7-8C5B-4D64-99C6-C995BC42ECBA}.Release|Any CPU.ActiveCfg = Release|Any CPU
		{A2CB9CE7-8C5B-4D64-99C6-C995BC42ECBA}.Release|Any CPU.Build.0 = Release|Any CPU
	EndGlobalSection
	GlobalSection(SolutionProperties) = preSolution
		HideSolutionNode = FALSE
	EndGlobalSection
	GlobalSection(ExtensibilityGlobals) = postSolution
		SolutionGuid = {EF849B68-E64D-4611-8C69-17AD1797F271}
	EndGlobalSection
EndGlobal
