
Microsoft Visual Studio Solution File, Format Version 12.00
# Visual Studio Version 16
VisualStudioVersion = 16.0.33423.256
MinimumVisualStudioVersion = 10.0.40219.1
Project("{FAE04EC0-301F-11D3-BF4B-00C04F79EFBC}") = "oopLab2ProductTask", "oopLab2ProductTask.csproj", "{A98913C5-BC20-4679-A494-D19BDDD20140}"
EndProject
Global
	GlobalSection(SolutionConfigurationPlatforms) = preSolution
		Debug|Any CPU = Debug|Any CPU
		Release|Any CPU = Release|Any CPU
	EndGlobalSection
	GlobalSection(ProjectConfigurationPlatforms) = postSolution
		{A98913C5-BC20-4679-A494-D19BDDD20140}.Debug|Any CPU.ActiveCfg = Debug|Any CPU
		{A98913C5-BC20-4679-A494-D19BDDD20140}.Debug|Any CPU.Build.0 = Debug|Any CPU
		{A98913C5-BC20-4679-A494-D19BDDD20140}.Release|Any CPU.ActiveCfg = Release|Any CPU
		{A98913C5-BC20-4679-A494-D19BDDD20140}.Release|Any CPU.Build.0 = Release|Any CPU
	EndGlobalSection
	GlobalSection(SolutionProperties) = preSolution
		HideSolutionNode = FALSE
	EndGlobalSection
	GlobalSection(ExtensibilityGlobals) = postSolution
		SolutionGuid = {EC99B57E-6E77-453B-AA05-36C01E97FBD2}
	EndGlobalSection
EndGlobal
